
Microsoft Visual Studio Solution File, Format Version 12.00
# Visual Studio Version 16
VisualStudioVersion = 16.0.28315.86
MinimumVisualStudioVersion = 10.0.40219.1
Project("{2150E333-8FDC-42A3-9474-1A3956D46DE8}") = "AvalonDock", "AvalonDock", "{3A213321-9BE8-46A8-8FDC-E088839FE77B}"
EndProject
Project("{9A19103F-16F7-4668-BE54-9A1E7A4F7556}") = "Xceed.Wpf.AvalonDock", "Vender\AvalonDock\source\Components\Xceed.Wpf.AvalonDock\Xceed.Wpf.AvalonDock.csproj", "{1857A38B-660D-46F7-BFD9-7661C53A149C}"
EndProject
Project("{9A19103F-16F7-4668-BE54-9A1E7A4F7556}") = "Xceed.Wpf.AvalonDock.Themes.Aero", "Vender\AvalonDock\source\Components\Xceed.Wpf.AvalonDock.Themes.Aero\Xceed.Wpf.AvalonDock.Themes.Aero.csproj", "{5B84F9EC-3F9D-4D07-81A4-3FA4A6B9608F}"
EndProject
Project("{9A19103F-16F7-4668-BE54-9A1E7A4F7556}") = "Xceed.Wpf.AvalonDock.Themes.Expression", "Vender\AvalonDock\source\Components\Xceed.Wpf.AvalonDock.Themes.Expression\Xceed.Wpf.AvalonDock.Themes.Expression.csproj", "{E33AB0AF-2940-47AF-9893-6C6AB17AA020}"
EndProject
Project("{9A19103F-16F7-4668-BE54-9A1E7A4F7556}") = "Xceed.Wpf.AvalonDock.Themes.Metro", "Vender\AvalonDock\source\Components\Xceed.Wpf.AvalonDock.Themes.Metro\Xceed.Wpf.AvalonDock.Themes.Metro.csproj", "{53AEEA96-1517-444A-B3E7-E1D6688EDD3F}"
EndProject
Project("{9A19103F-16F7-4668-BE54-9A1E7A4F7556}") = "Xceed.Wpf.AvalonDock.Themes.VS2010", "Vender\AvalonDock\source\Components\Xceed.Wpf.AvalonDock.Themes.VS2010\Xceed.Wpf.AvalonDock.Themes.VS2010.csproj", "{21793EB9-9FEE-4603-9AA2-4F6881724468}"
EndProject
Project("{9A19103F-16F7-4668-BE54-9A1E7A4F7556}") = "Xceed.Wpf.AvalonDock.Themes.VS2013", "Vender\AvalonDock\source\Components\Xceed.Wpf.AvalonDock.Themes.VS2013\Xceed.Wpf.AvalonDock.Themes.VS2013.csproj", "{606D8F35-AF26-40EF-9803-F53A4BC15176}"
EndProject
Project("{2150E333-8FDC-42A3-9474-1A3956D46DE8}") = "Testing", "Testing", "{7E2B3DF9-5361-4DF9-963D-32A2188AC883}"
EndProject
Project("{2150E333-8FDC-42A3-9474-1A3956D46DE8}") = "AutomationTest", "AutomationTest", "{E394C294-02A4-4E52-983D-031AC1783FFB}"
EndProject
Project("{FAE04EC0-301F-11D3-BF4B-00C04F79EFBC}") = "Xceed.Wpf.AvalonDock.Test", "Vender\AvalonDock\source\AutomationTest\Xceed.Wpf.AvalonDock.Test\Xceed.Wpf.AvalonDock.Test.csproj", "{FE4E16A2-876A-4356-9974-8A89C50B2A5A}"
EndProject
Project("{2150E333-8FDC-42A3-9474-1A3956D46DE8}") = "MLibTest_Components", "MLibTest_Components", "{6E929537-34DE-4A9E-835B-7139BC25D6F3}"
EndProject
Project("{9A19103F-16F7-4668-BE54-9A1E7A4F7556}") = "ServiceLocator", "Vender\AvalonDock\source\MLibTest\MLibTest_Components\ServiceLocator\ServiceLocator.csproj", "{AFC155A5-12AD-4323-B2B9-187B3C0539E7}"
EndProject
Project("{FAE04EC0-301F-11D3-BF4B-00C04F79EFBC}") = "Settings", "Vender\AvalonDock\source\MLibTest\MLibTest_Components\Settings\Settings\Settings.csproj", "{2807B493-CC2E-402E-901A-EB138698FEDC}"
EndProject
Project("{9A19103F-16F7-4668-BE54-9A1E7A4F7556}") = "SettingsModel", "Vender\AvalonDock\source\MLibTest\MLibTest_Components\Settings\SettingsModel\SettingsModel.csproj", "{ED8207E9-5C04-4AC1-9D15-CD661272D046}"
EndProject
Project("{9A19103F-16F7-4668-BE54-9A1E7A4F7556}") = "MLibTest", "Vender\AvalonDock\source\MLibTest\MLibTest\MLibTest.csproj", "{306F3263-DAB0-4CAB-BEE9-BBF3AE5FC979}"
EndProject
Project("{9A19103F-16F7-4668-BE54-9A1E7A4F7556}") = "MVVMTestApp", "Vender\AvalonDock\source\MVVMTestApp\MVVMTestApp.csproj", "{8C944FF8-54D7-47EB-885F-C3C07204F5A7}"
EndProject
Project("{9A19103F-16F7-4668-BE54-9A1E7A4F7556}") = "Editor", "Editor\Editor.csproj", "{04970BF5-DD10-4551-AADC-29D234CD059E}"
EndProject
Project("{9A19103F-16F7-4668-BE54-9A1E7A4F7556}") = "TestApp", "Vender\AvalonDock\source\TestApp\TestApp.csproj", "{82B231A5-4851-42FE-B32F-E4CCD423E6D7}"
EndProject
Project("{9A19103F-16F7-4668-BE54-9A1E7A4F7556}") = "WinFormsTestApp", "Vender\AvalonDock\source\WinFormsTestApp\WinFormsTestApp.csproj", "{85CBFA42-9CB8-4F70-BE45-1D63A3CC6EA8}"
EndProject
Global
	GlobalSection(SolutionConfigurationPlatforms) = preSolution
		Debug|Any CPU = Debug|Any CPU
		Debug|x64 = Debug|x64
		Debug|x86 = Debug|x86
		Release|Any CPU = Release|Any CPU
		Release|x64 = Release|x64
		Release|x86 = Release|x86
	EndGlobalSection
	GlobalSection(ProjectConfigurationPlatforms) = postSolution
		{1857A38B-660D-46F7-BFD9-7661C53A149C}.Debug|Any CPU.ActiveCfg = Debug|Any CPU
		{1857A38B-660D-46F7-BFD9-7661C53A149C}.Debug|Any CPU.Build.0 = Debug|Any CPU
		{1857A38B-660D-46F7-BFD9-7661C53A149C}.Debug|x64.ActiveCfg = Debug|Any CPU
		{1857A38B-660D-46F7-BFD9-7661C53A149C}.Debug|x64.Build.0 = Debug|Any CPU
		{1857A38B-660D-46F7-BFD9-7661C53A149C}.Debug|x86.ActiveCfg = Debug|Any CPU
		{1857A38B-660D-46F7-BFD9-7661C53A149C}.Debug|x86.Build.0 = Debug|Any CPU
		{1857A38B-660D-46F7-BFD9-7661C53A149C}.Release|Any CPU.ActiveCfg = Release|Any CPU
		{1857A38B-660D-46F7-BFD9-7661C53A149C}.Release|Any CPU.Build.0 = Release|Any CPU
		{1857A38B-660D-46F7-BFD9-7661C53A149C}.Release|x64.ActiveCfg = Release|Any CPU
		{1857A38B-660D-46F7-BFD9-7661C53A149C}.Release|x64.Build.0 = Release|Any CPU
		{1857A38B-660D-46F7-BFD9-7661C53A149C}.Release|x86.ActiveCfg = Release|Any CPU
		{1857A38B-660D-46F7-BFD9-7661C53A149C}.Release|x86.Build.0 = Release|Any CPU
		{5B84F9EC-3F9D-4D07-81A4-3FA4A6B9608F}.Debug|Any CPU.ActiveCfg = Debug|Any CPU
		{5B84F9EC-3F9D-4D07-81A4-3FA4A6B9608F}.Debug|Any CPU.Build.0 = Debug|Any CPU
		{5B84F9EC-3F9D-4D07-81A4-3FA4A6B9608F}.Debug|x64.ActiveCfg = Debug|Any CPU
		{5B84F9EC-3F9D-4D07-81A4-3FA4A6B9608F}.Debug|x64.Build.0 = Debug|Any CPU
		{5B84F9EC-3F9D-4D07-81A4-3FA4A6B9608F}.Debug|x86.ActiveCfg = Debug|Any CPU
		{5B84F9EC-3F9D-4D07-81A4-3FA4A6B9608F}.Debug|x86.Build.0 = Debug|Any CPU
		{5B84F9EC-3F9D-4D07-81A4-3FA4A6B9608F}.Release|Any CPU.ActiveCfg = Release|Any CPU
		{5B84F9EC-3F9D-4D07-81A4-3FA4A6B9608F}.Release|Any CPU.Build.0 = Release|Any CPU
		{5B84F9EC-3F9D-4D07-81A4-3FA4A6B9608F}.Release|x64.ActiveCfg = Release|Any CPU
		{5B84F9EC-3F9D-4D07-81A4-3FA4A6B9608F}.Release|x64.Build.0 = Release|Any CPU
		{5B84F9EC-3F9D-4D07-81A4-3FA4A6B9608F}.Release|x86.ActiveCfg = Release|Any CPU
		{5B84F9EC-3F9D-4D07-81A4-3FA4A6B9608F}.Release|x86.Build.0 = Release|Any CPU
		{E33AB0AF-2940-47AF-9893-6C6AB17AA020}.Debug|Any CPU.ActiveCfg = Debug|Any CPU
		{E33AB0AF-2940-47AF-9893-6C6AB17AA020}.Debug|Any CPU.Build.0 = Debug|Any CPU
		{E33AB0AF-2940-47AF-9893-6C6AB17AA020}.Debug|x64.ActiveCfg = Debug|Any CPU
		{E33AB0AF-2940-47AF-9893-6C6AB17AA020}.Debug|x64.Build.0 = Debug|Any CPU
		{E33AB0AF-2940-47AF-9893-6C6AB17AA020}.Debug|x86.ActiveCfg = Debug|Any CPU
		{E33AB0AF-2940-47AF-9893-6C6AB17AA020}.Debug|x86.Build.0 = Debug|Any CPU
		{E33AB0AF-2940-47AF-9893-6C6AB17AA020}.Release|Any CPU.ActiveCfg = Release|Any CPU
		{E33AB0AF-2940-47AF-9893-6C6AB17AA020}.Release|Any CPU.Build.0 = Release|Any CPU
		{E33AB0AF-2940-47AF-9893-6C6AB17AA020}.Release|x64.ActiveCfg = Release|Any CPU
		{E33AB0AF-2940-47AF-9893-6C6AB17AA020}.Release|x64.Build.0 = Release|Any CPU
		{E33AB0AF-2940-47AF-9893-6C6AB17AA020}.Release|x86.ActiveCfg = Release|Any CPU
		{E33AB0AF-2940-47AF-9893-6C6AB17AA020}.Release|x86.Build.0 = Release|Any CPU
		{53AEEA96-1517-444A-B3E7-E1D6688EDD3F}.Debug|Any CPU.ActiveCfg = Debug|Any CPU
		{53AEEA96-1517-444A-B3E7-E1D6688EDD3F}.Debug|Any CPU.Build.0 = Debug|Any CPU
		{53AEEA96-1517-444A-B3E7-E1D6688EDD3F}.Debug|x64.ActiveCfg = Debug|Any CPU
		{53AEEA96-1517-444A-B3E7-E1D6688EDD3F}.Debug|x64.Build.0 = Debug|Any CPU
		{53AEEA96-1517-444A-B3E7-E1D6688EDD3F}.Debug|x86.ActiveCfg = Debug|Any CPU
		{53AEEA96-1517-444A-B3E7-E1D6688EDD3F}.Debug|x86.Build.0 = Debug|Any CPU
		{53AEEA96-1517-444A-B3E7-E1D6688EDD3F}.Release|Any CPU.ActiveCfg = Release|Any CPU
		{53AEEA96-1517-444A-B3E7-E1D6688EDD3F}.Release|Any CPU.Build.0 = Release|Any CPU
		{53AEEA96-1517-444A-B3E7-E1D6688EDD3F}.Release|x64.ActiveCfg = Release|Any CPU
		{53AEEA96-1517-444A-B3E7-E1D6688EDD3F}.Release|x64.Build.0 = Release|Any CPU
		{53AEEA96-1517-444A-B3E7-E1D6688EDD3F}.Release|x86.ActiveCfg = Release|Any CPU
		{53AEEA96-1517-444A-B3E7-E1D6688EDD3F}.Release|x86.Build.0 = Release|Any CPU
		{21793EB9-9FEE-4603-9AA2-4F6881724468}.Debug|Any CPU.ActiveCfg = Debug|Any CPU
		{21793EB9-9FEE-4603-9AA2-4F6881724468}.Debug|Any CPU.Build.0 = Debug|Any CPU
		{21793EB9-9FEE-4603-9AA2-4F6881724468}.Debug|x64.ActiveCfg = Debug|Any CPU
		{21793EB9-9FEE-4603-9AA2-4F6881724468}.Debug|x64.Build.0 = Debug|Any CPU
		{21793EB9-9FEE-4603-9AA2-4F6881724468}.Debug|x86.ActiveCfg = Debug|Any CPU
		{21793EB9-9FEE-4603-9AA2-4F6881724468}.Debug|x86.Build.0 = Debug|Any CPU
		{21793EB9-9FEE-4603-9AA2-4F6881724468}.Release|Any CPU.ActiveCfg = Release|Any CPU
		{21793EB9-9FEE-4603-9AA2-4F6881724468}.Release|Any CPU.Build.0 = Release|Any CPU
		{21793EB9-9FEE-4603-9AA2-4F6881724468}.Release|x64.ActiveCfg = Release|Any CPU
		{21793EB9-9FEE-4603-9AA2-4F6881724468}.Release|x64.Build.0 = Release|Any CPU
		{21793EB9-9FEE-4603-9AA2-4F6881724468}.Release|x86.ActiveCfg = Release|Any CPU
		{21793EB9-9FEE-4603-9AA2-4F6881724468}.Release|x86.Build.0 = Release|Any CPU
		{606D8F35-AF26-40EF-9803-F53A4BC15176}.Debug|Any CPU.ActiveCfg = Debug|Any CPU
		{606D8F35-AF26-40EF-9803-F53A4BC15176}.Debug|Any CPU.Build.0 = Debug|Any CPU
		{606D8F35-AF26-40EF-9803-F53A4BC15176}.Debug|x64.ActiveCfg = Debug|Any CPU
		{606D8F35-AF26-40EF-9803-F53A4BC15176}.Debug|x64.Build.0 = Debug|Any CPU
		{606D8F35-AF26-40EF-9803-F53A4BC15176}.Debug|x86.ActiveCfg = Debug|Any CPU
		{606D8F35-AF26-40EF-9803-F53A4BC15176}.Debug|x86.Build.0 = Debug|Any CPU
		{606D8F35-AF26-40EF-9803-F53A4BC15176}.Release|Any CPU.ActiveCfg = Release|Any CPU
		{606D8F35-AF26-40EF-9803-F53A4BC15176}.Release|Any CPU.Build.0 = Release|Any CPU
		{606D8F35-AF26-40EF-9803-F53A4BC15176}.Release|x64.ActiveCfg = Release|Any CPU
		{606D8F35-AF26-40EF-9803-F53A4BC15176}.Release|x64.Build.0 = Release|Any CPU
		{606D8F35-AF26-40EF-9803-F53A4BC15176}.Release|x86.ActiveCfg = Release|Any CPU
		{606D8F35-AF26-40EF-9803-F53A4BC15176}.Release|x86.Build.0 = Release|Any CPU
		{FE4E16A2-876A-4356-9974-8A89C50B2A5A}.Debug|Any CPU.ActiveCfg = Debug|Any CPU
		{FE4E16A2-876A-4356-9974-8A89C50B2A5A}.Debug|Any CPU.Build.0 = Debug|Any CPU
		{FE4E16A2-876A-4356-9974-8A89C50B2A5A}.Debug|x64.ActiveCfg = Debug|Any CPU
		{FE4E16A2-876A-4356-9974-8A89C50B2A5A}.Debug|x64.Build.0 = Debug|Any CPU
		{FE4E16A2-876A-4356-9974-8A89C50B2A5A}.Debug|x86.ActiveCfg = Debug|Any CPU
		{FE4E16A2-876A-4356-9974-8A89C50B2A5A}.Debug|x86.Build.0 = Debug|Any CPU
		{FE4E16A2-876A-4356-9974-8A89C50B2A5A}.Release|Any CPU.ActiveCfg = Release|Any CPU
		{FE4E16A2-876A-4356-9974-8A89C50B2A5A}.Release|Any CPU.Build.0 = Release|Any CPU
		{FE4E16A2-876A-4356-9974-8A89C50B2A5A}.Release|x64.ActiveCfg = Release|Any CPU
		{FE4E16A2-876A-4356-9974-8A89C50B2A5A}.Release|x64.Build.0 = Release|Any CPU
		{FE4E16A2-876A-4356-9974-8A89C50B2A5A}.Release|x86.ActiveCfg = Release|Any CPU
		{FE4E16A2-876A-4356-9974-8A89C50B2A5A}.Release|x86.Build.0 = Release|Any CPU
		{AFC155A5-12AD-4323-B2B9-187B3C0539E7}.Debug|Any CPU.ActiveCfg = Debug|Any CPU
		{AFC155A5-12AD-4323-B2B9-187B3C0539E7}.Debug|Any CPU.Build.0 = Debug|Any CPU
		{AFC155A5-12AD-4323-B2B9-187B3C0539E7}.Debug|x64.ActiveCfg = Debug|Any CPU
		{AFC155A5-12AD-4323-B2B9-187B3C0539E7}.Debug|x64.Build.0 = Debug|Any CPU
		{AFC155A5-12AD-4323-B2B9-187B3C0539E7}.Debug|x86.ActiveCfg = Debug|Any CPU
		{AFC155A5-12AD-4323-B2B9-187B3C0539E7}.Debug|x86.Build.0 = Debug|Any CPU
		{AFC155A5-12AD-4323-B2B9-187B3C0539E7}.Release|Any CPU.ActiveCfg = Release|Any CPU
		{AFC155A5-12AD-4323-B2B9-187B3C0539E7}.Release|Any CPU.Build.0 = Release|Any CPU
		{AFC155A5-12AD-4323-B2B9-187B3C0539E7}.Release|x64.ActiveCfg = Release|Any CPU
		{AFC155A5-12AD-4323-B2B9-187B3C0539E7}.Release|x64.Build.0 = Release|Any CPU
		{AFC155A5-12AD-4323-B2B9-187B3C0539E7}.Release|x86.ActiveCfg = Release|Any CPU
		{AFC155A5-12AD-4323-B2B9-187B3C0539E7}.Release|x86.Build.0 = Release|Any CPU
		{2807B493-CC2E-402E-901A-EB138698FEDC}.Debug|Any CPU.ActiveCfg = Debug|Any CPU
		{2807B493-CC2E-402E-901A-EB138698FEDC}.Debug|Any CPU.Build.0 = Debug|Any CPU
		{2807B493-CC2E-402E-901A-EB138698FEDC}.Debug|x64.ActiveCfg = Debug|x64
		{2807B493-CC2E-402E-901A-EB138698FEDC}.Debug|x64.Build.0 = Debug|x64
		{2807B493-CC2E-402E-901A-EB138698FEDC}.Debug|x86.ActiveCfg = Debug|x86
		{2807B493-CC2E-402E-901A-EB138698FEDC}.Debug|x86.Build.0 = Debug|x86
		{2807B493-CC2E-402E-901A-EB138698FEDC}.Release|Any CPU.ActiveCfg = Release|Any CPU
		{2807B493-CC2E-402E-901A-EB138698FEDC}.Release|Any CPU.Build.0 = Release|Any CPU
		{2807B493-CC2E-402E-901A-EB138698FEDC}.Release|x64.ActiveCfg = Release|x64
		{2807B493-CC2E-402E-901A-EB138698FEDC}.Release|x64.Build.0 = Release|x64
		{2807B493-CC2E-402E-901A-EB138698FEDC}.Release|x86.ActiveCfg = Release|x86
		{2807B493-CC2E-402E-901A-EB138698FEDC}.Release|x86.Build.0 = Release|x86
		{ED8207E9-5C04-4AC1-9D15-CD661272D046}.Debug|Any CPU.ActiveCfg = Debug|Any CPU
		{ED8207E9-5C04-4AC1-9D15-CD661272D046}.Debug|Any CPU.Build.0 = Debug|Any CPU
		{ED8207E9-5C04-4AC1-9D15-CD661272D046}.Debug|x64.ActiveCfg = Debug|Any CPU
		{ED8207E9-5C04-4AC1-9D15-CD661272D046}.Debug|x64.Build.0 = Debug|Any CPU
		{ED8207E9-5C04-4AC1-9D15-CD661272D046}.Debug|x86.ActiveCfg = Debug|Any CPU
		{ED8207E9-5C04-4AC1-9D15-CD661272D046}.Debug|x86.Build.0 = Debug|Any CPU
		{ED8207E9-5C04-4AC1-9D15-CD661272D046}.Release|Any CPU.ActiveCfg = Release|Any CPU
		{ED8207E9-5C04-4AC1-9D15-CD661272D046}.Release|Any CPU.Build.0 = Release|Any CPU
		{ED8207E9-5C04-4AC1-9D15-CD661272D046}.Release|x64.ActiveCfg = Release|Any CPU
		{ED8207E9-5C04-4AC1-9D15-CD661272D046}.Release|x64.Build.0 = Release|Any CPU
		{ED8207E9-5C04-4AC1-9D15-CD661272D046}.Release|x86.ActiveCfg = Release|Any CPU
		{ED8207E9-5C04-4AC1-9D15-CD661272D046}.Release|x86.Build.0 = Release|Any CPU
		{306F3263-DAB0-4CAB-BEE9-BBF3AE5FC979}.Debug|Any CPU.ActiveCfg = Debug|Any CPU
		{306F3263-DAB0-4CAB-BEE9-BBF3AE5FC979}.Debug|Any CPU.Build.0 = Debug|Any CPU
		{306F3263-DAB0-4CAB-BEE9-BBF3AE5FC979}.Debug|x64.ActiveCfg = Debug|Any CPU
		{306F3263-DAB0-4CAB-BEE9-BBF3AE5FC979}.Debug|x64.Build.0 = Debug|Any CPU
		{306F3263-DAB0-4CAB-BEE9-BBF3AE5FC979}.Debug|x86.ActiveCfg = Debug|Any CPU
		{306F3263-DAB0-4CAB-BEE9-BBF3AE5FC979}.Debug|x86.Build.0 = Debug|Any CPU
		{306F3263-DAB0-4CAB-BEE9-BBF3AE5FC979}.Release|Any CPU.ActiveCfg = Release|Any CPU
		{306F3263-DAB0-4CAB-BEE9-BBF3AE5FC979}.Release|Any CPU.Build.0 = Release|Any CPU
		{306F3263-DAB0-4CAB-BEE9-BBF3AE5FC979}.Release|x64.ActiveCfg = Release|Any CPU
		{306F3263-DAB0-4CAB-BEE9-BBF3AE5FC979}.Release|x64.Build.0 = Release|Any CPU
		{306F3263-DAB0-4CAB-BEE9-BBF3AE5FC979}.Release|x86.ActiveCfg = Release|Any CPU
		{306F3263-DAB0-4CAB-BEE9-BBF3AE5FC979}.Release|x86.Build.0 = Release|Any CPU
		{8C944FF8-54D7-47EB-885F-C3C07204F5A7}.Debug|Any CPU.ActiveCfg = Debug|Any CPU
		{8C944FF8-54D7-47EB-885F-C3C07204F5A7}.Debug|Any CPU.Build.0 = Debug|Any CPU
		{8C944FF8-54D7-47EB-885F-C3C07204F5A7}.Debug|x64.ActiveCfg = Debug|Any CPU
		{8C944FF8-54D7-47EB-885F-C3C07204F5A7}.Debug|x64.Build.0 = Debug|Any CPU
		{8C944FF8-54D7-47EB-885F-C3C07204F5A7}.Debug|x86.ActiveCfg = Debug|Any CPU
		{8C944FF8-54D7-47EB-885F-C3C07204F5A7}.Debug|x86.Build.0 = Debug|Any CPU
		{8C944FF8-54D7-47EB-885F-C3C07204F5A7}.Release|Any CPU.ActiveCfg = Release|Any CPU
		{8C944FF8-54D7-47EB-885F-C3C07204F5A7}.Release|Any CPU.Build.0 = Release|Any CPU
		{8C944FF8-54D7-47EB-885F-C3C07204F5A7}.Release|x64.ActiveCfg = Release|Any CPU
		{8C944FF8-54D7-47EB-885F-C3C07204F5A7}.Release|x64.Build.0 = Release|Any CPU
		{8C944FF8-54D7-47EB-885F-C3C07204F5A7}.Release|x86.ActiveCfg = Release|Any CPU
		{8C944FF8-54D7-47EB-885F-C3C07204F5A7}.Release|x86.Build.0 = Release|Any CPU
		{04970BF5-DD10-4551-AADC-29D234CD059E}.Debug|Any CPU.ActiveCfg = Debug|Any CPU
		{04970BF5-DD10-4551-AADC-29D234CD059E}.Debug|Any CPU.Build.0 = Debug|Any CPU
		{04970BF5-DD10-4551-AADC-29D234CD059E}.Debug|x64.ActiveCfg = Debug|Any CPU
		{04970BF5-DD10-4551-AADC-29D234CD059E}.Debug|x64.Build.0 = Debug|Any CPU
		{04970BF5-DD10-4551-AADC-29D234CD059E}.Debug|x86.ActiveCfg = Debug|Any CPU
		{04970BF5-DD10-4551-AADC-29D234CD059E}.Debug|x86.Build.0 = Debug|Any CPU
		{04970BF5-DD10-4551-AADC-29D234CD059E}.Release|Any CPU.ActiveCfg = Release|Any CPU
		{04970BF5-DD10-4551-AADC-29D234CD059E}.Release|Any CPU.Build.0 = Release|Any CPU
		{04970BF5-DD10-4551-AADC-29D234CD059E}.Release|x64.ActiveCfg = Release|Any CPU
		{04970BF5-DD10-4551-AADC-29D234CD059E}.Release|x64.Build.0 = Release|Any CPU
		{04970BF5-DD10-4551-AADC-29D234CD059E}.Release|x86.ActiveCfg = Release|Any CPU
		{04970BF5-DD10-4551-AADC-29D234CD059E}.Release|x86.Build.0 = Release|Any CPU
		{82B231A5-4851-42FE-B32F-E4CCD423E6D7}.Debug|Any CPU.ActiveCfg = Debug|Any CPU
		{82B231A5-4851-42FE-B32F-E4CCD423E6D7}.Debug|Any CPU.Build.0 = Debug|Any CPU
		{82B231A5-4851-42FE-B32F-E4CCD423E6D7}.Debug|x64.ActiveCfg = Debug|Any CPU
		{82B231A5-4851-42FE-B32F-E4CCD423E6D7}.Debug|x64.Build.0 = Debug|Any CPU
		{82B231A5-4851-42FE-B32F-E4CCD423E6D7}.Debug|x86.ActiveCfg = Debug|Any CPU
		{82B231A5-4851-42FE-B32F-E4CCD423E6D7}.Debug|x86.Build.0 = Debug|Any CPU
		{82B231A5-4851-42FE-B32F-E4CCD423E6D7}.Release|Any CPU.ActiveCfg = Release|Any CPU
		{82B231A5-4851-42FE-B32F-E4CCD423E6D7}.Release|Any CPU.Build.0 = Release|Any CPU
		{82B231A5-4851-42FE-B32F-E4CCD423E6D7}.Release|x64.ActiveCfg = Release|Any CPU
		{82B231A5-4851-42FE-B32F-E4CCD423E6D7}.Release|x64.Build.0 = Release|Any CPU
		{82B231A5-4851-42FE-B32F-E4CCD423E6D7}.Release|x86.ActiveCfg = Release|Any CPU
		{82B231A5-4851-42FE-B32F-E4CCD423E6D7}.Release|x86.Build.0 = Release|Any CPU
		{85CBFA42-9CB8-4F70-BE45-1D63A3CC6EA8}.Debug|Any CPU.ActiveCfg = Debug|Any CPU
		{85CBFA42-9CB8-4F70-BE45-1D63A3CC6EA8}.Debug|Any CPU.Build.0 = Debug|Any CPU
		{85CBFA42-9CB8-4F70-BE45-1D63A3CC6EA8}.Debug|x64.ActiveCfg = Debug|Any CPU
		{85CBFA42-9CB8-4F70-BE45-1D63A3CC6EA8}.Debug|x64.Build.0 = Debug|Any CPU
		{85CBFA42-9CB8-4F70-BE45-1D63A3CC6EA8}.Debug|x86.ActiveCfg = Debug|Any CPU
		{85CBFA42-9CB8-4F70-BE45-1D63A3CC6EA8}.Debug|x86.Build.0 = Debug|Any CPU
		{85CBFA42-9CB8-4F70-BE45-1D63A3CC6EA8}.Release|Any CPU.ActiveCfg = Release|Any CPU
		{85CBFA42-9CB8-4F70-BE45-1D63A3CC6EA8}.Release|Any CPU.Build.0 = Release|Any CPU
		{85CBFA42-9CB8-4F70-BE45-1D63A3CC6EA8}.Release|x64.ActiveCfg = Release|Any CPU
		{85CBFA42-9CB8-4F70-BE45-1D63A3CC6EA8}.Release|x64.Build.0 = Release|Any CPU
		{85CBFA42-9CB8-4F70-BE45-1D63A3CC6EA8}.Release|x86.ActiveCfg = Release|Any CPU
		{85CBFA42-9CB8-4F70-BE45-1D63A3CC6EA8}.Release|x86.Build.0 = Release|Any CPU
	EndGlobalSection
	GlobalSection(SolutionProperties) = preSolution
		HideSolutionNode = FALSE
	EndGlobalSection
	GlobalSection(NestedProjects) = preSolution
		{1857A38B-660D-46F7-BFD9-7661C53A149C} = {3A213321-9BE8-46A8-8FDC-E088839FE77B}
		{5B84F9EC-3F9D-4D07-81A4-3FA4A6B9608F} = {3A213321-9BE8-46A8-8FDC-E088839FE77B}
		{E33AB0AF-2940-47AF-9893-6C6AB17AA020} = {3A213321-9BE8-46A8-8FDC-E088839FE77B}
		{53AEEA96-1517-444A-B3E7-E1D6688EDD3F} = {3A213321-9BE8-46A8-8FDC-E088839FE77B}
		{21793EB9-9FEE-4603-9AA2-4F6881724468} = {3A213321-9BE8-46A8-8FDC-E088839FE77B}
		{606D8F35-AF26-40EF-9803-F53A4BC15176} = {3A213321-9BE8-46A8-8FDC-E088839FE77B}
		{E394C294-02A4-4E52-983D-031AC1783FFB} = {7E2B3DF9-5361-4DF9-963D-32A2188AC883}
		{FE4E16A2-876A-4356-9974-8A89C50B2A5A} = {E394C294-02A4-4E52-983D-031AC1783FFB}
		{6E929537-34DE-4A9E-835B-7139BC25D6F3} = {7E2B3DF9-5361-4DF9-963D-32A2188AC883}
		{AFC155A5-12AD-4323-B2B9-187B3C0539E7} = {6E929537-34DE-4A9E-835B-7139BC25D6F3}
		{2807B493-CC2E-402E-901A-EB138698FEDC} = {6E929537-34DE-4A9E-835B-7139BC25D6F3}
		{ED8207E9-5C04-4AC1-9D15-CD661272D046} = {6E929537-34DE-4A9E-835B-7139BC25D6F3}
		{306F3263-DAB0-4CAB-BEE9-BBF3AE5FC979} = {7E2B3DF9-5361-4DF9-963D-32A2188AC883}
		{8C944FF8-54D7-47EB-885F-C3C07204F5A7} = {7E2B3DF9-5361-4DF9-963D-32A2188AC883}
		{82B231A5-4851-42FE-B32F-E4CCD423E6D7} = {7E2B3DF9-5361-4DF9-963D-32A2188AC883}
		{85CBFA42-9CB8-4F70-BE45-1D63A3CC6EA8} = {7E2B3DF9-5361-4DF9-963D-32A2188AC883}
	EndGlobalSection
	GlobalSection(ExtensibilityGlobals) = postSolution
		SolutionGuid = {5617659E-FC7E-40D7-9D62-258513329CA1}
	EndGlobalSection
EndGlobal
